
Microsoft Visual Studio Solution File, Format Version 12.00
# Visual Studio Version 16
VisualStudioVersion = 16.0.33529.622
MinimumVisualStudioVersion = 10.0.40219.1
Project("{FAE04EC0-301F-11D3-BF4B-00C04F79EFBC}") = "Playlist", "Playlist\Playlist.csproj", "{3346A2CA-EC33-420E-B3C7-EFFA41523644}"
EndProject
Global
	GlobalSection(SolutionConfigurationPlatforms) = preSolution
		Debug|Any CPU = Debug|Any CPU
		Release|Any CPU = Release|Any CPU
	EndGlobalSection
	GlobalSection(ProjectConfigurationPlatforms) = postSolution
		{3346A2CA-EC33-420E-B3C7-EFFA41523644}.Debug|Any CPU.ActiveCfg = Debug|Any CPU
		{3346A2CA-EC33-420E-B3C7-EFFA41523644}.Debug|Any CPU.Build.0 = Debug|Any CPU
		{3346A2CA-EC33-420E-B3C7-EFFA41523644}.Release|Any CPU.ActiveCfg = Release|Any CPU
		{3346A2CA-EC33-420E-B3C7-EFFA41523644}.Release|Any CPU.Build.0 = Release|Any CPU
	EndGlobalSection
	GlobalSection(SolutionProperties) = preSolution
		HideSolutionNode = FALSE
	EndGlobalSection
	GlobalSection(ExtensibilityGlobals) = postSolution
		SolutionGuid = {1943F3AC-5E62-4295-827E-3FE6EDFEFC1D}
	EndGlobalSection
EndGlobal
